
Microsoft Visual Studio Solution File, Format Version 12.00
# Visual Studio 15
VisualStudioVersion = 15.0.28307.960
MinimumVisualStudioVersion = 10.0.40219.1
Project("{FAE04EC0-301F-11D3-BF4B-00C04F79EFBC}") = "For-Bonus-Ron", "For-Bonus-Ron\For-Bonus-Ron.csproj", "{7121A8A9-5C5E-40AD-91CF-1B40215E9D3D}"
EndProject
Global
	GlobalSection(SolutionConfigurationPlatforms) = preSolution
		Debug|Any CPU = Debug|Any CPU
		Release|Any CPU = Release|Any CPU
	EndGlobalSection
	GlobalSection(ProjectConfigurationPlatforms) = postSolution
		{7121A8A9-5C5E-40AD-91CF-1B40215E9D3D}.Debug|Any CPU.ActiveCfg = Debug|Any CPU
		{7121A8A9-5C5E-40AD-91CF-1B40215E9D3D}.Debug|Any CPU.Build.0 = Debug|Any CPU
		{7121A8A9-5C5E-40AD-91CF-1B40215E9D3D}.Release|Any CPU.ActiveCfg = Release|Any CPU
		{7121A8A9-5C5E-40AD-91CF-1B40215E9D3D}.Release|Any CPU.Build.0 = Release|Any CPU
	EndGlobalSection
	GlobalSection(SolutionProperties) = preSolution
		HideSolutionNode = FALSE
	EndGlobalSection
	GlobalSection(ExtensibilityGlobals) = postSolution
		SolutionGuid = {ABAC70EE-50DE-45D3-A49B-55D6F92123EA}
	EndGlobalSection
EndGlobal
